// !$*UTF8*$!
{
	archiveVersion = 1;
	classes = {
	};
	objectVersion = 46;
	objects = {

/* Begin PBXBuildFile section */
		9A50A06A15EAF96200386684 /* Foundation.framework in Frameworks */ = {isa = PBXBuildFile; fileRef = 9A50A06915EAF96200386684 /* Foundation.framework */; };
		9A50A06F15EAF96200386684 /* Initialize.h in CopyFiles */ = {isa = PBXBuildFile; fileRef = 9A50A06E15EAF96200386684 /* Initialize.h */; };
		9A50A07115EAF96200386684 /* Initialize.m in Sources */ = {isa = PBXBuildFile; fileRef = 9A50A07015EAF96200386684 /* Initialize.m */; };
		9A50A07A15EAF9E500386684 /* IPDatabase.m in Sources */ = {isa = PBXBuildFile; fileRef = 9A50A07915EAF9E500386684 /* IPDatabase.m */; };
		9A6115EC15F581DB00BCB9C4 /* HttpClient.m in Sources */ = {isa = PBXBuildFile; fileRef = 9A6115EB15F581DB00BCB9C4 /* HttpClient.m */; };
		9A6115EF15F58F2E00BCB9C4 /* HttpParser.m in Sources */ = {isa = PBXBuildFile; fileRef = 9A6115EE15F58F2E00BCB9C4 /* HttpParser.m */; };
		9AD2EBB215EC98EF00271A7A /* libsqlite3.dylib in Frameworks */ = {isa = PBXBuildFile; fileRef = 9AD2EBB115EC98EF00271A7A /* libsqlite3.dylib */; };
		9AD2EBB715ECA47C00271A7A /* ClassDatabase.m in Sources */ = {isa = PBXBuildFile; fileRef = 9AD2EBB615ECA47C00271A7A /* ClassDatabase.m */; };
		9AD2EBBE15ECAFC300271A7A /* StructResult.m in Sources */ = {isa = PBXBuildFile; fileRef = 9AD2EBBD15ECAFC300271A7A /* StructResult.m */; };
		9AD2EBC115ECB45700271A7A /* StructUsage.m in Sources */ = {isa = PBXBuildFile; fileRef = 9AD2EBC015ECB45700271A7A /* StructUsage.m */; };
		C113A60B15F05FCF00EC3480 /* IPDate.m in Sources */ = {isa = PBXBuildFile; fileRef = C113A60A15F05FCF00EC3480 /* IPDate.m */; };
		C11A4E2515EF8D0C002BAE91 /* StructBuild.m in Sources */ = {isa = PBXBuildFile; fileRef = C11A4E2415EF8D0C002BAE91 /* StructBuild.m */; };
/* End PBXBuildFile section */

/* Begin PBXCopyFilesBuildPhase section */
		9A50A06415EAF96200386684 /* CopyFiles */ = {
			isa = PBXCopyFilesBuildPhase;
			buildActionMask = 2147483647;
			dstPath = "include/${PRODUCT_NAME}";
			dstSubfolderSpec = 16;
			files = (
				9A50A06F15EAF96200386684 /* Initialize.h in CopyFiles */,
			);
			runOnlyForDeploymentPostprocessing = 0;
		};
/* End PBXCopyFilesBuildPhase section */

/* Begin PBXFileReference section */
		9A50A06615EAF96200386684 /* libInfoPortal.a */ = {isa = PBXFileReference; explicitFileType = archive.ar; includeInIndex = 0; path = libInfoPortal.a; sourceTree = BUILT_PRODUCTS_DIR; };
		9A50A06915EAF96200386684 /* Foundation.framework */ = {isa = PBXFileReference; lastKnownFileType = wrapper.framework; name = Foundation.framework; path = System/Library/Frameworks/Foundation.framework; sourceTree = SDKROOT; };
		9A50A06D15EAF96200386684 /* InfoPortal-Prefix.pch */ = {isa = PBXFileReference; lastKnownFileType = sourcecode.c.h; path = "InfoPortal-Prefix.pch"; sourceTree = "<group>"; };
		9A50A06E15EAF96200386684 /* Initialize.h */ = {isa = PBXFileReference; lastKnownFileType = sourcecode.c.h; path = Initialize.h; sourceTree = "<group>"; };
		9A50A07015EAF96200386684 /* Initialize.m */ = {isa = PBXFileReference; lastKnownFileType = sourcecode.c.objc; path = Initialize.m; sourceTree = "<group>"; };
		9A50A07815EAF9E500386684 /* IPDatabase.h */ = {isa = PBXFileReference; fileEncoding = 4; lastKnownFileType = sourcecode.c.h; path = IPDatabase.h; sourceTree = "<group>"; };
		9A50A07915EAF9E500386684 /* IPDatabase.m */ = {isa = PBXFileReference; fileEncoding = 4; lastKnownFileType = sourcecode.c.objc; path = IPDatabase.m; sourceTree = "<group>"; };
		9A6115EA15F581DB00BCB9C4 /* HttpClient.h */ = {isa = PBXFileReference; fileEncoding = 4; lastKnownFileType = sourcecode.c.h; path = HttpClient.h; sourceTree = "<group>"; };
		9A6115EB15F581DB00BCB9C4 /* HttpClient.m */ = {isa = PBXFileReference; fileEncoding = 4; lastKnownFileType = sourcecode.c.objc; path = HttpClient.m; sourceTree = "<group>"; };
		9A6115ED15F58F2E00BCB9C4 /* HttpParser.h */ = {isa = PBXFileReference; fileEncoding = 4; lastKnownFileType = sourcecode.c.h; path = HttpParser.h; sourceTree = "<group>"; };
		9A6115EE15F58F2E00BCB9C4 /* HttpParser.m */ = {isa = PBXFileReference; fileEncoding = 4; lastKnownFileType = sourcecode.c.objc; path = HttpParser.m; sourceTree = "<group>"; };
		9AD2EBB115EC98EF00271A7A /* libsqlite3.dylib */ = {isa = PBXFileReference; lastKnownFileType = "compiled.mach-o.dylib"; name = libsqlite3.dylib; path = usr/lib/libsqlite3.dylib; sourceTree = SDKROOT; };
		9AD2EBB515ECA47C00271A7A /* ClassDatabase.h */ = {isa = PBXFileReference; fileEncoding = 4; lastKnownFileType = sourcecode.c.h; path = ClassDatabase.h; sourceTree = "<group>"; };
		9AD2EBB615ECA47C00271A7A /* ClassDatabase.m */ = {isa = PBXFileReference; fileEncoding = 4; lastKnownFileType = sourcecode.c.objc; path = ClassDatabase.m; sourceTree = "<group>"; };
		9AD2EBBC15ECAFC300271A7A /* StructResult.h */ = {isa = PBXFileReference; fileEncoding = 4; lastKnownFileType = sourcecode.c.h; path = StructResult.h; sourceTree = "<group>"; };
		9AD2EBBD15ECAFC300271A7A /* StructResult.m */ = {isa = PBXFileReference; fileEncoding = 4; lastKnownFileType = sourcecode.c.objc; path = StructResult.m; sourceTree = "<group>"; };
		9AD2EBBF15ECB45700271A7A /* StructUsage.h */ = {isa = PBXFileReference; fileEncoding = 4; lastKnownFileType = sourcecode.c.h; path = StructUsage.h; sourceTree = "<group>"; };
		9AD2EBC015ECB45700271A7A /* StructUsage.m */ = {isa = PBXFileReference; fileEncoding = 4; lastKnownFileType = sourcecode.c.objc; path = StructUsage.m; sourceTree = "<group>"; };
		9AD2EBC215ECB6B200271A7A /* infoportal.db */ = {isa = PBXFileReference; lastKnownFileType = file; path = infoportal.db; sourceTree = "<group>"; };
		C113A60915F05FCF00EC3480 /* IPDate.h */ = {isa = PBXFileReference; fileEncoding = 4; lastKnownFileType = sourcecode.c.h; path = IPDate.h; sourceTree = "<group>"; };
		C113A60A15F05FCF00EC3480 /* IPDate.m */ = {isa = PBXFileReference; fileEncoding = 4; lastKnownFileType = sourcecode.c.objc; path = IPDate.m; sourceTree = "<group>"; };
		C11A4E2315EF8D0C002BAE91 /* StructBuild.h */ = {isa = PBXFileReference; fileEncoding = 4; lastKnownFileType = sourcecode.c.h; path = StructBuild.h; sourceTree = "<group>"; };
		C11A4E2415EF8D0C002BAE91 /* StructBuild.m */ = {isa = PBXFileReference; fileEncoding = 4; lastKnownFileType = sourcecode.c.objc; path = StructBuild.m; sourceTree = "<group>"; };
/* End PBXFileReference section */

/* Begin PBXFrameworksBuildPhase section */
		9A50A06315EAF96200386684 /* Frameworks */ = {
			isa = PBXFrameworksBuildPhase;
			buildActionMask = 2147483647;
			files = (
				9AD2EBB215EC98EF00271A7A /* libsqlite3.dylib in Frameworks */,
				9A50A06A15EAF96200386684 /* Foundation.framework in Frameworks */,
			);
			runOnlyForDeploymentPostprocessing = 0;
		};
/* End PBXFrameworksBuildPhase section */

/* Begin PBXGroup section */
		9A1267EA15EF007F00C88403 /* Files */ = {
			isa = PBXGroup;
			children = (
				9AD2EBC215ECB6B200271A7A /* infoportal.db */,
			);
			name = Files;
			sourceTree = "<group>";
		};
		9A50A05B15EAF96200386684 = {
			isa = PBXGroup;
			children = (
				9A50A06B15EAF96200386684 /* InfoPortal */,
				9A50A06815EAF96200386684 /* Frameworks */,
				9A50A06715EAF96200386684 /* Products */,
			);
			sourceTree = "<group>";
		};
		9A50A06715EAF96200386684 /* Products */ = {
			isa = PBXGroup;
			children = (
				9A50A06615EAF96200386684 /* libInfoPortal.a */,
			);
			name = Products;
			sourceTree = "<group>";
		};
		9A50A06815EAF96200386684 /* Frameworks */ = {
			isa = PBXGroup;
			children = (
				9AD2EBB115EC98EF00271A7A /* libsqlite3.dylib */,
				9A50A06915EAF96200386684 /* Foundation.framework */,
			);
			name = Frameworks;
			sourceTree = "<group>";
		};
		9A50A06B15EAF96200386684 /* InfoPortal */ = {
			isa = PBXGroup;
			children = (
				9A6115E815F5811200BCB9C4 /* IPHttp */,
				C113A60715F05F9900EC3480 /* IPDate */,
				9A1267EA15EF007F00C88403 /* Files */,
				9AD2EBB415ECA45800271A7A /* ClassView */,
				9A50A07715EAF98400386684 /* IPDatabase */,
				9A50A06E15EAF96200386684 /* Initialize.h */,
				9A50A07015EAF96200386684 /* Initialize.m */,
				9A50A06C15EAF96200386684 /* Supporting Files */,
			);
			path = InfoPortal;
			sourceTree = "<group>";
		};
		9A50A06C15EAF96200386684 /* Supporting Files */ = {
			isa = PBXGroup;
			children = (
				9A50A06D15EAF96200386684 /* InfoPortal-Prefix.pch */,
			);
			name = "Supporting Files";
			sourceTree = "<group>";
		};
		9A50A07715EAF98400386684 /* IPDatabase */ = {
			isa = PBXGroup;
			children = (
				9A50A07815EAF9E500386684 /* IPDatabase.h */,
				9A50A07915EAF9E500386684 /* IPDatabase.m */,
			);
			name = IPDatabase;
			sourceTree = "<group>";
		};
		9A6115E815F5811200BCB9C4 /* IPHttp */ = {
			isa = PBXGroup;
			children = (
				9A6115EA15F581DB00BCB9C4 /* HttpClient.h */,
				9A6115EB15F581DB00BCB9C4 /* HttpClient.m */,
				9A6115ED15F58F2E00BCB9C4 /* HttpParser.h */,
				9A6115EE15F58F2E00BCB9C4 /* HttpParser.m */,
			);
			name = IPHttp;
			sourceTree = "<group>";
		};
		9AD2EBB415ECA45800271A7A /* ClassView */ = {
			isa = PBXGroup;
			children = (
				9AD2EBBB15ECAEE200271A7A /* ClassStruct */,
				9AD2EBB515ECA47C00271A7A /* ClassDatabase.h */,
				9AD2EBB615ECA47C00271A7A /* ClassDatabase.m */,
			);
			name = ClassView;
			sourceTree = "<group>";
		};
		9AD2EBBB15ECAEE200271A7A /* ClassStruct */ = {
			isa = PBXGroup;
			children = (
				9AD2EBBC15ECAFC300271A7A /* StructResult.h */,
				9AD2EBBD15ECAFC300271A7A /* StructResult.m */,
				9AD2EBBF15ECB45700271A7A /* StructUsage.h */,
				9AD2EBC015ECB45700271A7A /* StructUsage.m */,
				C11A4E2315EF8D0C002BAE91 /* StructBuild.h */,
				C11A4E2415EF8D0C002BAE91 /* StructBuild.m */,
			);
			name = ClassStruct;
			sourceTree = "<group>";
		};
		C113A60715F05F9900EC3480 /* IPDate */ = {
			isa = PBXGroup;
			children = (
				C113A60915F05FCF00EC3480 /* IPDate.h */,
				C113A60A15F05FCF00EC3480 /* IPDate.m */,
			);
			name = IPDate;
			sourceTree = "<group>";
		};
/* End PBXGroup section */

/* Begin PBXNativeTarget section */
		9A50A06515EAF96200386684 /* InfoPortal */ = {
			isa = PBXNativeTarget;
			buildConfigurationList = 9A50A07415EAF96200386684 /* Build configuration list for PBXNativeTarget "InfoPortal" */;
			buildPhases = (
				9A50A06215EAF96200386684 /* Sources */,
				9A50A06315EAF96200386684 /* Frameworks */,
				9A50A06415EAF96200386684 /* CopyFiles */,
			);
			buildRules = (
			);
			dependencies = (
			);
			name = InfoPortal;
			productName = InfoPortal;
			productReference = 9A50A06615EAF96200386684 /* libInfoPortal.a */;
			productType = "com.apple.product-type.library.static";
		};
/* End PBXNativeTarget section */

/* Begin PBXProject section */
		9A50A05D15EAF96200386684 /* Project object */ = {
			isa = PBXProject;
			attributes = {
				LastUpgradeCheck = 0440;
				ORGANIZATIONNAME = USTB;
			};
			buildConfigurationList = 9A50A06015EAF96200386684 /* Build configuration list for PBXProject "InfoPortal" */;
			compatibilityVersion = "Xcode 3.2";
			developmentRegion = English;
			hasScannedForEncodings = 0;
			knownRegions = (
				en,
			);
			mainGroup = 9A50A05B15EAF96200386684;
			productRefGroup = 9A50A06715EAF96200386684 /* Products */;
			projectDirPath = "";
			projectRoot = "";
			targets = (
				9A50A06515EAF96200386684 /* InfoPortal */,
			);
		};
/* End PBXProject section */

/* Begin PBXSourcesBuildPhase section */
		9A50A06215EAF96200386684 /* Sources */ = {
			isa = PBXSourcesBuildPhase;
			buildActionMask = 2147483647;
			files = (
				9A50A07115EAF96200386684 /* Initialize.m in Sources */,
				9A50A07A15EAF9E500386684 /* IPDatabase.m in Sources */,
				9AD2EBB715ECA47C00271A7A /* ClassDatabase.m in Sources */,
				9AD2EBBE15ECAFC300271A7A /* StructResult.m in Sources */,
				9AD2EBC115ECB45700271A7A /* StructUsage.m in Sources */,
				C11A4E2515EF8D0C002BAE91 /* StructBuild.m in Sources */,
				C113A60B15F05FCF00EC3480 /* IPDate.m in Sources */,
				9A6115EC15F581DB00BCB9C4 /* HttpClient.m in Sources */,
				9A6115EF15F58F2E00BCB9C4 /* HttpParser.m in Sources */,
			);
			runOnlyForDeploymentPostprocessing = 0;
		};
/* End PBXSourcesBuildPhase section */

/* Begin XCBuildConfiguration section */
		9A50A07215EAF96200386684 /* Debug */ = {
			isa = XCBuildConfiguration;
			buildSettings = {
				ALWAYS_SEARCH_USER_PATHS = NO;
				ARCHS = "$(ARCHS_STANDARD_32_BIT)";
				CLANG_CXX_LANGUAGE_STANDARD = "gnu++0x";
				CLANG_ENABLE_OBJC_ARC = YES;
				CLANG_WARN__DUPLICATE_METHOD_MATCH = YES;
				COPY_PHASE_STRIP = NO;
				GCC_C_LANGUAGE_STANDARD = gnu99;
				GCC_DYNAMIC_NO_PIC = NO;
				GCC_OPTIMIZATION_LEVEL = 0;
				GCC_PREPROCESSOR_DEFINITIONS = (
					"DEBUG=1",
					"$(inherited)",
				);
				GCC_SYMBOLS_PRIVATE_EXTERN = NO;
				GCC_VERSION = com.apple.compilers.llvm.clang.1_0;
				GCC_WARN_ABOUT_RETURN_TYPE = YES;
				GCC_WARN_UNINITIALIZED_AUTOS = YES;
				GCC_WARN_UNUSED_VARIABLE = YES;
				IPHONEOS_DEPLOYMENT_TARGET = 5.1;
				SDKROOT = iphoneos;
			};
			name = Debug;
		};
		9A50A07315EAF96200386684 /* Release */ = {
			isa = XCBuildConfiguration;
			buildSettings = {
				ALWAYS_SEARCH_USER_PATHS = NO;
				ARCHS = "$(ARCHS_STANDARD_32_BIT)";
				CLANG_CXX_LANGUAGE_STANDARD = "gnu++0x";
				CLANG_ENABLE_OBJC_ARC = YES;
				CLANG_WARN__DUPLICATE_METHOD_MATCH = YES;
				COPY_PHASE_STRIP = YES;
				GCC_C_LANGUAGE_STANDARD = gnu99;
				GCC_VERSION = com.apple.compilers.llvm.clang.1_0;
				GCC_WARN_ABOUT_RETURN_TYPE = YES;
				GCC_WARN_UNINITIALIZED_AUTOS = YES;
				GCC_WARN_UNUSED_VARIABLE = YES;
				IPHONEOS_DEPLOYMENT_TARGET = 5.1;
				SDKROOT = iphoneos;
				VALIDATE_PRODUCT = YES;
			};
			name = Release;
		};
		9A50A07515EAF96200386684 /* Debug */ = {
			isa = XCBuildConfiguration;
			buildSettings = {
				DSTROOT = /Users/ustb/Documents/tmp/;
				GCC_PRECOMPILE_PREFIX_HEADER = YES;
				GCC_PREFIX_HEADER = "InfoPortal/InfoPortal-Prefix.pch";
				INSTALL_PATH = "$(BUILT_PRODUCTS_DIR)";
				OTHER_LDFLAGS = "-ObjC";
				PRODUCT_NAME = "$(TARGET_NAME)";
				PUBLIC_HEADERS_FOLDER_PATH = "$(TARGET_NAME)";
				SKIP_INSTALL = YES;
			};
			name = Debug;
		};
		9A50A07615EAF96200386684 /* Release */ = {
			isa = XCBuildConfiguration;
			buildSettings = {
				DSTROOT = /Users/ustb/Documents/tmp/;
				GCC_PRECOMPILE_PREFIX_HEADER = YES;
				GCC_PREFIX_HEADER = "InfoPortal/InfoPortal-Prefix.pch";
				INSTALL_PATH = "$(BUILT_PRODUCTS_DIR)";
				OTHER_LDFLAGS = "-ObjC";
				PRODUCT_NAME = "$(TARGET_NAME)";
				PUBLIC_HEADERS_FOLDER_PATH = "$(TARGET_NAME)";
				SKIP_INSTALL = YES;
			};
			name = Release;
		};
/* End XCBuildConfiguration section */

/* Begin XCConfigurationList section */
		9A50A06015EAF96200386684 /* Build configuration list for PBXProject "InfoPortal" */ = {
			isa = XCConfigurationList;
			buildConfigurations = (
				9A50A07215EAF96200386684 /* Debug */,
				9A50A07315EAF96200386684 /* Release */,
			);
			defaultConfigurationIsVisible = 0;
			defaultConfigurationName = Release;
		};
		9A50A07415EAF96200386684 /* Build configuration list for PBXNativeTarget "InfoPortal" */ = {
			isa = XCConfigurationList;
			buildConfigurations = (
				9A50A07515EAF96200386684 /* Debug */,
				9A50A07615EAF96200386684 /* Release */,
			);
			defaultConfigurationIsVisible = 0;
			defaultConfigurationName = Release;
		};
/* End XCConfigurationList section */
	};
	rootObject = 9A50A05D15EAF96200386684 /* Project object */;
}
